{
  "pins" : [
    {
      "identity" : "swiftnasr",
      "kind" : "remoteSourceControl",
      "location" : "https://github.com/RISCfuture/SwiftNASR.git",
      "state" : {
        "branch" : "master",
        "revision" : "b7d60a0c8da3208ab8a3b6fa3c2dabffb56b86ea"
      }
    },
    {
      "identity" : "zipfoundation",
      "kind" : "remoteSourceControl",
      "location" : "https://github.com/weichsel/ZIPFoundation/",
      "state" : {
        "revision" : "43ec568034b3731101dbf7670765d671c30f54f3",
        "version" : "0.9.16"
      }
    }
  ],
  "version" : 2
}
