{
  "originHash" : "13a82e2c728548acb0c187b2c0374c85bd5292cf49039b685b41c323152215f6",
  "pins" : [
    {
      "identity" : "swift-argument-parser",
      "kind" : "remoteSourceControl",
      "location" : "https://github.com/apple/swift-argument-parser.git",
      "state" : {
        "revision" : "41982a3656a71c768319979febd796c6fd111d5c",
        "version" : "1.5.0"
      }
    },
    {
      "identity" : "swiftnasr",
      "kind" : "remoteSourceControl",
      "location" : "https://github.com/RISCfuture/SwiftNASR.git",
      "state" : {
        "branch" : "master",
        "revision" : "2eab35449752fad5ee1755d3a1dfb82ac292f030"
      }
    },
    {
      "identity" : "zipfoundation",
      "kind" : "remoteSourceControl",
      "location" : "https://github.com/weichsel/ZIPFoundation.git",
      "state" : {
        "revision" : "02b6abe5f6eef7e3cbd5f247c5cc24e246efcfe0",
        "version" : "0.9.19"
      }
    }
  ],
  "version" : 3
}
