{
  "originHash" : "ecc56e4cfcdf9d75b1f6e1e2a434526ca997faa122a8b9165bf94b55808fb9eb",
  "pins" : [
    {
      "identity" : "swift-argument-parser",
      "kind" : "remoteSourceControl",
      "location" : "https://github.com/apple/swift-argument-parser.git",
      "state" : {
        "revision" : "011f0c765fb46d9cac61bca19be0527e99c98c8b",
        "version" : "1.5.1"
      }
    },
    {
      "identity" : "swiftnasr",
      "kind" : "remoteSourceControl",
      "location" : "https://github.com/RISCfuture/SwiftNASR.git",
      "state" : {
        "branch" : "master",
        "revision" : "f20eec805497de8d2c49c3e384e0ffe5538dfc4c"
      }
    },
    {
      "identity" : "zipfoundation",
      "kind" : "remoteSourceControl",
      "location" : "https://github.com/weichsel/ZIPFoundation.git",
      "state" : {
        "revision" : "02b6abe5f6eef7e3cbd5f247c5cc24e246efcfe0",
        "version" : "0.9.19"
      }
    }
  ],
  "version" : 3
}
